{
  "name": "open-simplex-noise",
  "version": "2.5.0",
  "lockfileVersion": 1,
  "requires": true,
  "dependencies": {
    "deno_ls_plugin": {
      "version": "0.1.0",
      "resolved": "https://registry.npmjs.org/deno_ls_plugin/-/deno_ls_plugin-0.1.0.tgz",
      "integrity": "sha512-mUV2q6Alx3p1B21R5yVIc/wmeCcPftz/CcbsY0kbV/djyFRLZU/Gqmn6sqvMCm2zb+suHinPE99QhySIFuz5hw==",
      "dev": true
    }
  }
}
